
Microsoft Visual Studio Solution File, Format Version 10.00
# Visual Basic Express 2008
Project("{F184B08F-C81C-45F6-A57F-5ABD9991F28F}") = "hexakun", "hexakun.vbproj", "{F5C685C5-8EF6-4EC7-9216-7ADBDE4B62B2}"
EndProject
Global
	GlobalSection(SolutionConfigurationPlatforms) = preSolution
		Debug|Any CPU = Debug|Any CPU
		Release|Any CPU = Release|Any CPU
	EndGlobalSection
	GlobalSection(ProjectConfigurationPlatforms) = postSolution
		{F5C685C5-8EF6-4EC7-9216-7ADBDE4B62B2}.Debug|Any CPU.ActiveCfg = Debug|Any CPU
		{F5C685C5-8EF6-4EC7-9216-7ADBDE4B62B2}.Debug|Any CPU.Build.0 = Debug|Any CPU
		{F5C685C5-8EF6-4EC7-9216-7ADBDE4B62B2}.Release|Any CPU.ActiveCfg = Release|Any CPU
		{F5C685C5-8EF6-4EC7-9216-7ADBDE4B62B2}.Release|Any CPU.Build.0 = Release|Any CPU
	EndGlobalSection
	GlobalSection(SolutionProperties) = preSolution
		HideSolutionNode = FALSE
	EndGlobalSection
EndGlobal
